
Microsoft Visual Studio Solution File, Format Version 12.00
# Visual Studio Version 16
VisualStudioVersion = 16.0.30804.86
MinimumVisualStudioVersion = 10.0.40219.1
Project("{FAE04EC0-301F-11D3-BF4B-00C04F79EFBC}") = "Hangman", "Hangman.csproj", "{F697014B-B3C9-428A-B3D8-3B19BCF7C04D}"
EndProject
Global
	GlobalSection(SolutionConfigurationPlatforms) = preSolution
		Debug|Any CPU = Debug|Any CPU
		Release|Any CPU = Release|Any CPU
	EndGlobalSection
	GlobalSection(ProjectConfigurationPlatforms) = postSolution
		{F697014B-B3C9-428A-B3D8-3B19BCF7C04D}.Debug|Any CPU.ActiveCfg = Debug|Any CPU
		{F697014B-B3C9-428A-B3D8-3B19BCF7C04D}.Debug|Any CPU.Build.0 = Debug|Any CPU
		{F697014B-B3C9-428A-B3D8-3B19BCF7C04D}.Release|Any CPU.ActiveCfg = Release|Any CPU
		{F697014B-B3C9-428A-B3D8-3B19BCF7C04D}.Release|Any CPU.Build.0 = Release|Any CPU
	EndGlobalSection
	GlobalSection(SolutionProperties) = preSolution
		HideSolutionNode = FALSE
	EndGlobalSection
	GlobalSection(ExtensibilityGlobals) = postSolution
		SolutionGuid = {D46DD236-0E25-42C7-AF58-F95111A912EC}
	EndGlobalSection
EndGlobal
